
Microsoft Visual Studio Solution File, Format Version 12.00
# Visual Studio Version 17
VisualStudioVersion = 17.14.36603.0 d17.14
MinimumVisualStudioVersion = 10.0.40219.1
Project("{FAE04EC0-301F-11D3-BF4B-00C04F79EFBC}") = "ksalazarS5Online", "ksalazarS5Online.csproj", "{FFAE1C87-B232-4B08-A910-345A35EACC9B}"
EndProject
Global
	GlobalSection(SolutionConfigurationPlatforms) = preSolution
		Debug|Any CPU = Debug|Any CPU
		Release|Any CPU = Release|Any CPU
	EndGlobalSection
	GlobalSection(ProjectConfigurationPlatforms) = postSolution
		{FFAE1C87-B232-4B08-A910-345A35EACC9B}.Debug|Any CPU.ActiveCfg = Debug|Any CPU
		{FFAE1C87-B232-4B08-A910-345A35EACC9B}.Debug|Any CPU.Build.0 = Debug|Any CPU
		{FFAE1C87-B232-4B08-A910-345A35EACC9B}.Release|Any CPU.ActiveCfg = Release|Any CPU
		{FFAE1C87-B232-4B08-A910-345A35EACC9B}.Release|Any CPU.Build.0 = Release|Any CPU
	EndGlobalSection
	GlobalSection(SolutionProperties) = preSolution
		HideSolutionNode = FALSE
	EndGlobalSection
	GlobalSection(ExtensibilityGlobals) = postSolution
		SolutionGuid = {B07D1191-AD9D-4638-B3C0-CBBE24C87527}
	EndGlobalSection
EndGlobal
